{
  "name": "amplify",
  "lockfileVersion": 3,
  "requires": true,
  "packages": {
    "": {
      "devDependencies": {
        "@types/ngeohash": "^0.6.8"
      }
    },
    "node_modules/@types/ngeohash": {
      "version": "0.6.8",
      "resolved": "https://registry.npmjs.org/@types/ngeohash/-/ngeohash-0.6.8.tgz",
      "integrity": "sha512-A90x3HMwE1yXbWCnd0ztHzv8rAQPjwTzX2diYI/6OrWm/3oairDaehw5WPWJFgZ+8+J/OuF99IbipmMa2le6tQ==",
      "dev": true,
      "license": "MIT"
    }
  }
}
